{
  "name": "llbuild-worker-dev",
  "lockfileVersion": 3,
  "requires": true,
  "packages": {
    "": {
      "name": "llbuild-worker-dev",
      "devDependencies": {
        "workerd": "1.20260926.1"
      }
    },
    "node_modules/@cloudflare/workerd-darwin-64": {
      "version": "1.20260926.1",
      "resolved": "https://registry.npmjs.org/@cloudflare/workerd-darwin-64/-/workerd-darwin-64-1.20260926.1.tgz",
      "integrity": "sha512-VCIpwgJu5Dm1o+VHLclNOKIdpttEqss7oDHS5DYxgVoonM9Dxxxr1xCQvJbh6IXFuQ1DDrbm5krjte5NsTgX3Q==",
      "cpu": [
        "x64"
      ],
      "dev": true,
      "license": "Apache-2.0",
      "optional": true,
      "os": [
        "darwin"
      ],
      "engines": {
        "node": ">=16"
      }
    },
    "node_modules/@cloudflare/workerd-darwin-arm64": {
      "version": "1.20260926.1",
      "resolved": "https://registry.npmjs.org/@cloudflare/workerd-darwin-arm64/-/workerd-darwin-arm64-1.20260926.1.tgz",
      "integrity": "sha512-oVuLXfCnr1Xu9sBMNYrEPcFZQNMcviNcacz9l+oqQiLHc5UrVp++lpKbsuWstCfh+/c39Pp37TVeaNBLA8+ReA==",
      "cpu": [
        "arm64"
      ],
      "dev": true,
      "license": "Apache-2.0",
      "optional": true,
      "os": [
        "darwin"
      ],
      "engines": {
        "node": ">=16"
      }
    },
    "node_modules/@cloudflare/workerd-linux-64": {
      "version": "1.20260926.1",
      "resolved": "https://registry.npmjs.org/@cloudflare/workerd-linux-64/-/workerd-linux-64-1.20260926.1.tgz",
      "integrity": "sha512-BjmiDvYBVBG5248gCHSZS3yONbcm3/3qKTu9RaQA8o7jQHJfXx9JnWbhkld2KsbXnRGEGHFwpLLidIpIGtQYUA==",
      "cpu": [
        "x64"
      ],
      "dev": true,
      "license": "Apache-2.0",
      "optional": true,
      "os": [
        "linux"
      ],
      "engines": {
        "node": ">=16"
      }
    },
    "node_modules/@cloudflare/workerd-linux-arm64": {
      "version": "1.20260926.1",
      "resolved": "https://registry.npmjs.org/@cloudflare/workerd-linux-arm64/-/workerd-linux-arm64-1.20260926.1.tgz",
      "integrity": "sha512-28bdfQDIFcpaKXMPisADy8BchpIsX+tEAhD+bhfEBXukFGFr8F3ouyiG3HzN3CqAh/OYvifJizzFZtptUPCy7w==",
      "cpu": [
        "arm64"
      ],
      "dev": true,
      "license": "Apache-2.0",
      "optional": true,
      "os": [
        "linux"
      ],
      "engines": {
        "node": ">=16"
      }
    },
    "node_modules/@cloudflare/workerd-windows-64": {
      "version": "1.20260926.1",
      "resolved": "https://registry.npmjs.org/@cloudflare/workerd-windows-64/-/workerd-windows-64-1.20260926.1.tgz",
      "integrity": "sha512-ehdL3ataKdEmlnW9oom6OZUR8n3XsTL/zl8+KGREpLi5sMSW0mek0PrF4wK9SX51f3Alnlu8tF8eKBg+mc3xFw==",
      "cpu": [
        "x64"
      ],
      "dev": true,
      "license": "Apache-2.0",
      "optional": true,
      "os": [
        "win32"
      ],
      "engines": {
        "node": ">=16"
      }
    },
    "node_modules/workerd": {
      "version": "1.20260926.1",
      "resolved": "https://registry.npmjs.org/workerd/-/workerd-1.20260926.1.tgz",
      "integrity": "sha512-YojhsWBuZwk3Jk9OC0QfTgVbLeQOD1tK1olC9ZXAUcmeip8z4NE/xtttpxCsuTvQBRqppvy7Tkac0kxPYMjIXA==",
      "dev": true,
      "hasInstallScript": true,
      "license": "Apache-2.0",
      "bin": {
        "workerd": "bin/workerd"
      },
      "engines": {
        "node": ">=16"
      },
      "optionalDependencies": {
        "@cloudflare/workerd-darwin-64": "1.20260926.1",
        "@cloudflare/workerd-darwin-arm64": "1.20260926.1",
        "@cloudflare/workerd-linux-64": "1.20260926.1",
        "@cloudflare/workerd-linux-arm64": "1.20260926.1",
        "@cloudflare/workerd-windows-64": "1.20260926.1"
      }
    }
  }
}
